
Microsoft Visual Studio Solution File, Format Version 12.00
# Visual Studio Version 17
VisualStudioVersion = 17.2.32616.157
MinimumVisualStudioVersion = 10.0.40219.1
Project("{FAE04EC0-301F-11D3-BF4B-00C04F79EFBC}") = "CalculatePrice", "CalculatePrice\CalculatePrice.csproj", "{2F145BAB-0CDA-4CC7-AB52-7CEB1C17CB2E}"
EndProject
Global
	GlobalSection(SolutionConfigurationPlatforms) = preSolution
		Debug|Any CPU = Debug|Any CPU
		Release|Any CPU = Release|Any CPU
	EndGlobalSection
	GlobalSection(ProjectConfigurationPlatforms) = postSolution
		{2F145BAB-0CDA-4CC7-AB52-7CEB1C17CB2E}.Debug|Any CPU.ActiveCfg = Debug|Any CPU
		{2F145BAB-0CDA-4CC7-AB52-7CEB1C17CB2E}.Debug|Any CPU.Build.0 = Debug|Any CPU
		{2F145BAB-0CDA-4CC7-AB52-7CEB1C17CB2E}.Release|Any CPU.ActiveCfg = Release|Any CPU
		{2F145BAB-0CDA-4CC7-AB52-7CEB1C17CB2E}.Release|Any CPU.Build.0 = Release|Any CPU
	EndGlobalSection
	GlobalSection(SolutionProperties) = preSolution
		HideSolutionNode = FALSE
	EndGlobalSection
	GlobalSection(ExtensibilityGlobals) = postSolution
		SolutionGuid = {7CF21045-0FD4-4AC8-9B63-03DF3303FC24}
	EndGlobalSection
EndGlobal
